uuid: d3e766d9-55b0-4084-867a-7c04e02f3203
langcode: en
status: true
dependencies:
  module:
    - mine_excel
  theme:
    - mine
id: mine_exceltableblock
theme: mine
region: paragraph_blocks
weight: 0
provider: null
plugin: excel_table_block
settings:
  id: excel_table_block
  label: 'Excel Table Block'
  label_display: visible
  provider: mine_excel
  file_path: 'private://excel.xlsx'
  worksheet: Sheet1
  header_row: 1
  start_cell: A1
  end_cell: G7
  trim_empty: true
visibility: {  }
